{
  "name": "forge",
  "version": "3.1.0",
  "lockfileVersion": 3,
  "requires": true,
  "packages": {
    "": {
      "name": "forge",
      "version": "3.1.0",
      "license": "MIT",
      "bin": {
        "forge": "bin/forge-evidence-site.js"
      },
      "engines": {
        "node": ">=18"
      }
    }
  }
}
