{
  "name": "forge-evidence-site",
  "version": "0.2.0",
  "lockfileVersion": 3,
  "requires": true,
  "packages": {
    "": {
      "name": "forge-evidence-site",
      "version": "0.2.0",
      "license": "MIT",
      "dependencies": {
        "drawably": "^0.3.10"
      },
      "engines": {
        "node": ">=18"
      }
    },
    "node_modules/drawably": {
      "version": "0.3.10",
      "resolved": "https://registry.npmjs.org/drawably/-/drawably-0.3.10.tgz",
      "integrity": "sha512-BEns/AKYZKlRQHqyX/QUGqJRokHYsAvQuIXDv2njLEf3D4GfczYZoJZKUbEHemEToT7FjJf9EyGWdk6vLkjvXA==",
      "license": "MIT",
      "peerDependencies": {
        "react": ">=18 <20"
      },
      "peerDependenciesMeta": {
        "react": {
          "optional": true
        }
      }
    }
  }
}
